schema: '2.0'
stages:
  preprocess:
    cmd: python src/preprocess.py
    deps:
    - path: data/raw/technopark.csv
      hash: md5
      md5: 6df58b507a871566b3adbd433ab337df
      size: 148906
    - path: data/raw/thampanoor.csv
      hash: md5
      md5: 924896e7444eafc35699360e4bc5cc6a
      size: 149256
    - path: params.yaml
      hash: md5
      md5: ef8a97dd3dd8235fb239d28fcd2a4e36
      size: 114
    - path: src/preprocess.py
      hash: md5
      md5: bb3c8008faa904cf2edb24a7a60ee22f
      size: 1637
    params:
      params.yaml:
        horizon: 24
        window_size: 48
    outs:
    - path: data/processed/
      hash: md5
      md5: aecd56672853bc566e6aaa52e2455ddd.dir
      size: 21331840
      nfiles: 8
  train:
    cmd: python src/train.py
    deps:
    - path: data/processed/
      hash: md5
      md5: aecd56672853bc566e6aaa52e2455ddd.dir
      size: 21331840
      nfiles: 8
    - path: params.yaml
      hash: md5
      md5: ef8a97dd3dd8235fb239d28fcd2a4e36
      size: 114
    - path: src/train.py
      hash: md5
      md5: d15d3a761ddd19c5878596571f9d18d0
      size: 2808
    outs:
    - path: metrics.json
      hash: md5
      md5: 6fd23dd7d4d9ba5446405cf10d242ab1
      size: 116
    - path: version.json
      hash: md5
      md5: 20d853bfbb28f9af120318d17e573320
      size: 195
